# THIS IS AN AUTOGENERATED FILE. DO NOT EDIT THIS FILE DIRECTLY.
# yarn lockfile v1


cypress-localstorage-commands@^1.5.0:
  version "1.5.0"
  resolved "https://registry.yarnpkg.com/cypress-localstorage-commands/-/cypress-localstorage-commands-1.5.0.tgz#53d67c1ce491dcbe39794151749b943227e65cd7"
  integrity sha512-gl1uKeviYdyJG4dLcZ9hfoUjLciwkkfbaQ3gvRtmipsPxC612ZBJhSjbunnJcUGwkryaM+82VrY9ij0tLSg7LA==
